
Microsoft Visual Studio Solution File, Format Version 12.00
# Visual Studio Version 17
VisualStudioVersion = 17.5.002.0
MinimumVisualStudioVersion = 10.0.40219.1
Project("{9A19103F-16F7-4668-BE54-9A1E7A4F7556}") = "SqlChart", "SqlChart.csproj", "{17C2FDB4-63CC-4271-898E-F881CF5D630A}"
EndProject
Global
	GlobalSection(SolutionConfigurationPlatforms) = preSolution
		Debug|Any CPU = Debug|Any CPU
		Release|Any CPU = Release|Any CPU
	EndGlobalSection
	GlobalSection(ProjectConfigurationPlatforms) = postSolution
		{17C2FDB4-63CC-4271-898E-F881CF5D630A}.Debug|Any CPU.ActiveCfg = Debug|Any CPU
		{17C2FDB4-63CC-4271-898E-F881CF5D630A}.Debug|Any CPU.Build.0 = Debug|Any CPU
		{17C2FDB4-63CC-4271-898E-F881CF5D630A}.Release|Any CPU.ActiveCfg = Release|Any CPU
		{17C2FDB4-63CC-4271-898E-F881CF5D630A}.Release|Any CPU.Build.0 = Release|Any CPU
	EndGlobalSection
	GlobalSection(SolutionProperties) = preSolution
		HideSolutionNode = FALSE
	EndGlobalSection
	GlobalSection(ExtensibilityGlobals) = postSolution
		SolutionGuid = {3A7A94E9-7B9F-48F8-808E-E5C1EF1FB79F}
	EndGlobalSection
EndGlobal
